Microsoft Visual Studio Solution File, Format Version 11.00
# Visual Studio 2008

Project("{DB6D7E5C-603F-B67B-1F87-E26E1800E814}") = "COMP305-PROJECT-master", "Assembly-CSharp.csproj", "{0F0B8DBD-578A-7F0B-E918-3BCA0F88A117}"
EndProject
Global
	GlobalSection(SolutionConfigurationPlatforms) = preSolution
		Debug|Any CPU = Debug|Any CPU
		Release|Any CPU = Release|Any CPU
	EndGlobalSection
	GlobalSection(ProjectConfigurationPlatforms) = postSolution
		{0F0B8DBD-578A-7F0B-E918-3BCA0F88A117}.Debug|Any CPU.ActiveCfg = Debug|Any CPU
		{0F0B8DBD-578A-7F0B-E918-3BCA0F88A117}.Debug|Any CPU.Build.0 = Debug|Any CPU
		{0F0B8DBD-578A-7F0B-E918-3BCA0F88A117}.Release|Any CPU.ActiveCfg = Release|Any CPU
		{0F0B8DBD-578A-7F0B-E918-3BCA0F88A117}.Release|Any CPU.Build.0 = Release|Any CPU
	EndGlobalSection
	GlobalSection(SolutionProperties) = preSolution
		HideSolutionNode = FALSE
	EndGlobalSection
	GlobalSection(MonoDevelopProperties) = preSolution
		StartupItem = Assembly-CSharp.csproj
	EndGlobalSection
EndGlobal
