Microsoft Visual Studio Solution File, Format Version 11.00
# Visual Studio 2008

Project("{D44D4E0C-090A-58BB-2871-7C748266DE39}") = "COMP305-Project", "Assembly-CSharp.csproj", "{6E8CC86A-2AB5-B768-99DF-D7E1BB2FE5D1}"
EndProject
Global
	GlobalSection(SolutionConfigurationPlatforms) = preSolution
		Debug|Any CPU = Debug|Any CPU
		Release|Any CPU = Release|Any CPU
	EndGlobalSection
	GlobalSection(ProjectConfigurationPlatforms) = postSolution
		{6E8CC86A-2AB5-B768-99DF-D7E1BB2FE5D1}.Debug|Any CPU.ActiveCfg = Debug|Any CPU
		{6E8CC86A-2AB5-B768-99DF-D7E1BB2FE5D1}.Debug|Any CPU.Build.0 = Debug|Any CPU
		{6E8CC86A-2AB5-B768-99DF-D7E1BB2FE5D1}.Release|Any CPU.ActiveCfg = Release|Any CPU
		{6E8CC86A-2AB5-B768-99DF-D7E1BB2FE5D1}.Release|Any CPU.Build.0 = Release|Any CPU
	EndGlobalSection
	GlobalSection(SolutionProperties) = preSolution
		HideSolutionNode = FALSE
	EndGlobalSection
	GlobalSection(MonoDevelopProperties) = preSolution
		StartupItem = Assembly-CSharp.csproj
	EndGlobalSection
EndGlobal
